
Microsoft Visual Studio Solution File, Format Version 12.00
# Visual Studio Version 17
VisualStudioVersion = 17.9.34714.143
MinimumVisualStudioVersion = 10.0.40219.1
Project("{FAE04EC0-301F-11D3-BF4B-00C04F79EFBC}") = "MTCA.API", "MTCA.API\MTCA.API.csproj", "{EE12C855-DED3-4D68-A396-C879CE41DA04}"
EndProject
Global
	GlobalSection(SolutionConfigurationPlatforms) = preSolution
		Debug|Any CPU = Debug|Any CPU
		Release|Any CPU = Release|Any CPU
	EndGlobalSection
	GlobalSection(ProjectConfigurationPlatforms) = postSolution
		{EE12C855-DED3-4D68-A396-C879CE41DA04}.Debug|Any CPU.ActiveCfg = Debug|Any CPU
		{EE12C855-DED3-4D68-A396-C879CE41DA04}.Debug|Any CPU.Build.0 = Debug|Any CPU
		{EE12C855-DED3-4D68-A396-C879CE41DA04}.Release|Any CPU.ActiveCfg = Release|Any CPU
		{EE12C855-DED3-4D68-A396-C879CE41DA04}.Release|Any CPU.Build.0 = Release|Any CPU
	EndGlobalSection
	GlobalSection(SolutionProperties) = preSolution
		HideSolutionNode = FALSE
	EndGlobalSection
	GlobalSection(ExtensibilityGlobals) = postSolution
		SolutionGuid = {9DEE0072-C0EF-4992-A47D-230792134F6B}
	EndGlobalSection
EndGlobal
